// !$*UTF8*$!
{
	archiveVersion = 1;
	classes = {
	};
	objectVersion = 46;
	objects = {

/* Begin PBXBuildFile section */
		4B322F441B038CF100FC075A /* AppDelegate.swift in Sources */ = {isa = PBXBuildFile; fileRef = 4B322F431B038CF100FC075A /* AppDelegate.swift */; };
		4B322F461B038CF100FC075A /* ViewController.swift in Sources */ = {isa = PBXBuildFile; fileRef = 4B322F451B038CF100FC075A /* ViewController.swift */; };
		4B322F491B038CF100FC075A /* Main.storyboard in Resources */ = {isa = PBXBuildFile; fileRef = 4B322F471B038CF100FC075A /* Main.storyboard */; };
		4B322F4B1B038CF200FC075A /* Images.xcassets in Resources */ = {isa = PBXBuildFile; fileRef = 4B322F4A1B038CF200FC075A /* Images.xcassets */; };
		4B322F4E1B038CF200FC075A /* LaunchScreen.xib in Resources */ = {isa = PBXBuildFile; fileRef = 4B322F4C1B038CF200FC075A /* LaunchScreen.xib */; };
		4B322F5A1B038CF200FC075A /* ImagePickerTests.swift in Sources */ = {isa = PBXBuildFile; fileRef = 4B322F591B038CF200FC075A /* ImagePickerTests.swift */; };
/* End PBXBuildFile section */

/* Begin PBXContainerItemProxy section */
		4B322F541B038CF200FC075A /* PBXContainerItemProxy */ = {
			isa = PBXContainerItemProxy;
			containerPortal = 4B322F361B038CF100FC075A /* Project object */;
			proxyType = 1;
			remoteGlobalIDString = 4B322F3D1B038CF100FC075A;
			remoteInfo = ImagePicker;
		};
/* End PBXContainerItemProxy section */

/* Begin PBXFileReference section */
		4B322F3E1B038CF100FC075A /* ImagePicker.app */ = {isa = PBXFileReference; explicitFileType = wrapper.application; includeInIndex = 0; path = ImagePicker.app; sourceTree = BUILT_PRODUCTS_DIR; };
		4B322F421B038CF100FC075A /* Info.plist */ = {isa = PBXFileReference; lastKnownFileType = text.plist.xml; path = Info.plist; sourceTree = "<group>"; };
		4B322F431B038CF100FC075A /* AppDelegate.swift */ = {isa = PBXFileReference; lastKnownFileType = sourcecode.swift; path = AppDelegate.swift; sourceTree = "<group>"; };
		4B322F451B038CF100FC075A /* ViewController.swift */ = {isa = PBXFileReference; lastKnownFileType = sourcecode.swift; path = ViewController.swift; sourceTree = "<group>"; };
		4B322F481B038CF100FC075A /* Base */ = {isa = PBXFileReference; lastKnownFileType = file.storyboard; name = Base; path = Base.lproj/Main.storyboard; sourceTree = "<group>"; };
		4B322F4A1B038CF200FC075A /* Images.xcassets */ = {isa = PBXFileReference; lastKnownFileType = folder.assetcatalog; path = Images.xcassets; sourceTree = "<group>"; };
		4B322F4D1B038CF200FC075A /* Base */ = {isa = PBXFileReference; lastKnownFileType = file.xib; name = Base; path = Base.lproj/LaunchScreen.xib; sourceTree = "<group>"; };
		4B322F531B038CF200FC075A /* ImagePickerTests.xctest */ = {isa = PBXFileReference; explicitFileType = wrapper.cfbundle; includeInIndex = 0; path = ImagePickerTests.xctest; sourceTree = BUILT_PRODUCTS_DIR; };
		4B322F581B038CF200FC075A /* Info.plist */ = {isa = PBXFileReference; lastKnownFileType = text.plist.xml; path = Info.plist; sourceTree = "<group>"; };
		4B322F591B038CF200FC075A /* ImagePickerTests.swift */ = {isa = PBXFileReference; lastKnownFileType = sourcecode.swift; path = ImagePickerTests.swift; sourceTree = "<group>"; };
/* End PBXFileReference section */

/* Begin PBXFrameworksBuildPhase section */
		4B322F3B1B038CF100FC075A /* Frameworks */ = {
			isa = PBXFrameworksBuildPhase;
			buildActionMask = 2147483647;
			files = (
			);
			runOnlyForDeploymentPostprocessing = 0;
		};
		4B322F501B038CF200FC075A /* Frameworks */ = {
			isa = PBXFrameworksBuildPhase;
			buildActionMask = 2147483647;
			files = (
			);
			runOnlyForDeploymentPostprocessing = 0;
		};
/* End PBXFrameworksBuildPhase section */

/* Begin PBXGroup section */
		4B322F351B038CF100FC075A = {
			isa = PBXGroup;
			children = (
				4B322F401B038CF100FC075A /* ImagePicker */,
				4B322F561B038CF200FC075A /* ImagePickerTests */,
				4B322F3F1B038CF100FC075A /* Products */,
			);
			sourceTree = "<group>";
		};
		4B322F3F1B038CF100FC075A /* Products */ = {
			isa = PBXGroup;
			children = (
				4B322F3E1B038CF100FC075A /* ImagePicker.app */,
				4B322F531B038CF200FC075A /* ImagePickerTests.xctest */,
			);
			name = Products;
			sourceTree = "<group>";
		};
		4B322F401B038CF100FC075A /* ImagePicker */ = {
			isa = PBXGroup;
			children = (
				4B322F431B038CF100FC075A /* AppDelegate.swift */,
				4B322F451B038CF100FC075A /* ViewController.swift */,
				4B322F471B038CF100FC075A /* Main.storyboard */,
				4B322F4A1B038CF200FC075A /* Images.xcassets */,
				4B322F4C1B038CF200FC075A /* LaunchScreen.xib */,
				4B322F411B038CF100FC075A /* Supporting Files */,
			);
			path = ImagePicker;
			sourceTree = "<group>";
		};
		4B322F411B038CF100FC075A /* Supporting Files */ = {
			isa = PBXGroup;
			children = (
				4B322F421B038CF100FC075A /* Info.plist */,
			);
			name = "Supporting Files";
			sourceTree = "<group>";
		};
		4B322F561B038CF200FC075A /* ImagePickerTests */ = {
			isa = PBXGroup;
			children = (
				4B322F591B038CF200FC075A /* ImagePickerTests.swift */,
				4B322F571B038CF200FC075A /* Supporting Files */,
			);
			path = ImagePickerTests;
			sourceTree = "<group>";
		};
		4B322F571B038CF200FC075A /* Supporting Files */ = {
			isa = PBXGroup;
			children = (
				4B322F581B038CF200FC075A /* Info.plist */,
			);
			name = "Supporting Files";
			sourceTree = "<group>";
		};
/* End PBXGroup section */

/* Begin PBXNativeTarget section */
		4B322F3D1B038CF100FC075A /* ImagePicker */ = {
			isa = PBXNativeTarget;
			buildConfigurationList = 4B322F5D1B038CF200FC075A /* Build configuration list for PBXNativeTarget "ImagePicker" */;
			buildPhases = (
				4B322F3A1B038CF100FC075A /* Sources */,
				4B322F3B1B038CF100FC075A /* Frameworks */,
				4B322F3C1B038CF100FC075A /* Resources */,
			);
			buildRules = (
			);
			dependencies = (
			);
			name = ImagePicker;
			productName = ImagePicker;
			productReference = 4B322F3E1B038CF100FC075A /* ImagePicker.app */;
			productType = "com.apple.product-type.application";
		};
		4B322F521B038CF200FC075A /* ImagePickerTests */ = {
			isa = PBXNativeTarget;
			buildConfigurationList = 4B322F601B038CF200FC075A /* Build configuration list for PBXNativeTarget "ImagePickerTests" */;
			buildPhases = (
				4B322F4F1B038CF200FC075A /* Sources */,
				4B322F501B038CF200FC075A /* Frameworks */,
				4B322F511B038CF200FC075A /* Resources */,
			);
			buildRules = (
			);
			dependencies = (
				4B322F551B038CF200FC075A /* PBXTargetDependency */,
			);
			name = ImagePickerTests;
			productName = ImagePickerTests;
			productReference = 4B322F531B038CF200FC075A /* ImagePickerTests.xctest */;
			productType = "com.apple.product-type.bundle.unit-test";
		};
/* End PBXNativeTarget section */

/* Begin PBXProject section */
		4B322F361B038CF100FC075A /* Project object */ = {
			isa = PBXProject;
			attributes = {
				LastUpgradeCheck = 0630;
				ORGANIZATIONNAME = mac;
				TargetAttributes = {
					4B322F3D1B038CF100FC075A = {
						CreatedOnToolsVersion = 6.3.1;
					};
					4B322F521B038CF200FC075A = {
						CreatedOnToolsVersion = 6.3.1;
						TestTargetID = 4B322F3D1B038CF100FC075A;
					};
				};
			};
			buildConfigurationList = 4B322F391B038CF100FC075A /* Build configuration list for PBXProject "ImagePicker" */;
			compatibilityVersion = "Xcode 3.2";
			developmentRegion = English;
			hasScannedForEncodings = 0;
			knownRegions = (
				en,
				Base,
			);
			mainGroup = 4B322F351B038CF100FC075A;
			productRefGroup = 4B322F3F1B038CF100FC075A /* Products */;
			projectDirPath = "";
			projectRoot = "";
			targets = (
				4B322F3D1B038CF100FC075A /* ImagePicker */,
				4B322F521B038CF200FC075A /* ImagePickerTests */,
			);
		};
/* End PBXProject section */

/* Begin PBXResourcesBuildPhase section */
		4B322F3C1B038CF100FC075A /* Resources */ = {
			isa = PBXResourcesBuildPhase;
			buildActionMask = 2147483647;
			files = (
				4B322F491B038CF100FC075A /* Main.storyboard in Resources */,
				4B322F4E1B038CF200FC075A /* LaunchScreen.xib in Resources */,
				4B322F4B1B038CF200FC075A /* Images.xcassets in Resources */,
			);
			runOnlyForDeploymentPostprocessing = 0;
		};
		4B322F511B038CF200FC075A /* Resources */ = {
			isa = PBXResourcesBuildPhase;
			buildActionMask = 2147483647;
			files = (
			);
			runOnlyForDeploymentPostprocessing = 0;
		};
/* End PBXResourcesBuildPhase section */

/* Begin PBXSourcesBuildPhase section */
		4B322F3A1B038CF100FC075A /* Sources */ = {
			isa = PBXSourcesBuildPhase;
			buildActionMask = 2147483647;
			files = (
				4B322F461B038CF100FC075A /* ViewController.swift in Sources */,
				4B322F441B038CF100FC075A /* AppDelegate.swift in Sources */,
			);
			runOnlyForDeploymentPostprocessing = 0;
		};
		4B322F4F1B038CF200FC075A /* Sources */ = {
			isa = PBXSourcesBuildPhase;
			buildActionMask = 2147483647;
			files = (
				4B322F5A1B038CF200FC075A /* ImagePickerTests.swift in Sources */,
			);
			runOnlyForDeploymentPostprocessing = 0;
		};
/* End PBXSourcesBuildPhase section */

/* Begin PBXTargetDependency section */
		4B322F551B038CF200FC075A /* PBXTargetDependency */ = {
			isa = PBXTargetDependency;
			target = 4B322F3D1B038CF100FC075A /* ImagePicker */;
			targetProxy = 4B322F541B038CF200FC075A /* PBXContainerItemProxy */;
		};
/* End PBXTargetDependency section */

/* Begin PBXVariantGroup section */
		4B322F471B038CF100FC075A /* Main.storyboard */ = {
			isa = PBXVariantGroup;
			children = (
				4B322F481B038CF100FC075A /* Base */,
			);
			name = Main.storyboard;
			sourceTree = "<group>";
		};
		4B322F4C1B038CF200FC075A /* LaunchScreen.xib */ = {
			isa = PBXVariantGroup;
			children = (
				4B322F4D1B038CF200FC075A /* Base */,
			);
			name = LaunchScreen.xib;
			sourceTree = "<group>";
		};
/* End PBXVariantGroup section */

/* Begin XCBuildConfiguration section */
		4B322F5B1B038CF200FC075A /* Debug */ = {
			isa = XCBuildConfiguration;
			buildSettings = {
				ALWAYS_SEARCH_USER_PATHS = NO;
				CLANG_CXX_LANGUAGE_STANDARD = "gnu++0x";
				CLANG_CXX_LIBRARY = "libc++";
				CLANG_ENABLE_MODULES = YES;
				CLANG_ENABLE_OBJC_ARC = YES;
				CLANG_WARN_BOOL_CONVERSION = YES;
				CLANG_WARN_CONSTANT_CONVERSION = YES;
				CLANG_WARN_DIRECT_OBJC_ISA_USAGE = YES_ERROR;
				CLANG_WARN_EMPTY_BODY = YES;
				CLANG_WARN_ENUM_CONVERSION = YES;
				CLANG_WARN_INT_CONVERSION = YES;
				CLANG_WARN_OBJC_ROOT_CLASS = YES_ERROR;
				CLANG_WARN_UNREACHABLE_CODE = YES;
				CLANG_WARN__DUPLICATE_METHOD_MATCH = YES;
				"CODE_SIGN_IDENTITY[sdk=iphoneos*]" = "iPhone Developer";
				COPY_PHASE_STRIP = NO;
				DEBUG_INFORMATION_FORMAT = "dwarf-with-dsym";
				ENABLE_STRICT_OBJC_MSGSEND = YES;
				GCC_C_LANGUAGE_STANDARD = gnu99;
				GCC_DYNAMIC_NO_PIC = NO;
				GCC_NO_COMMON_BLOCKS = YES;
				GCC_OPTIMIZATION_LEVEL = 0;
				GCC_PREPROCESSOR_DEFINITIONS = (
					"DEBUG=1",
					"$(inherited)",
				);
				GCC_SYMBOLS_PRIVATE_EXTERN = NO;
				GCC_WARN_64_TO_32_BIT_CONVERSION = YES;
				GCC_WARN_ABOUT_RETURN_TYPE = YES_ERROR;
				GCC_WARN_UNDECLARED_SELECTOR = YES;
				GCC_WARN_UNINITIALIZED_AUTOS = YES_AGGRESSIVE;
				GCC_WARN_UNUSED_FUNCTION = YES;
				GCC_WARN_UNUSED_VARIABLE = YES;
				IPHONEOS_DEPLOYMENT_TARGET = 8.3;
				MTL_ENABLE_DEBUG_INFO = YES;
				ONLY_ACTIVE_ARCH = YES;
				SDKROOT = iphoneos;
				SWIFT_OPTIMIZATION_LEVEL = "-Onone";
				TARGETED_DEVICE_FAMILY = "1,2";
			};
			name = Debug;
		};
		4B322F5C1B038CF200FC075A /* Release */ = {
			isa = XCBuildConfiguration;
			buildSettings = {
				ALWAYS_SEARCH_USER_PATHS = NO;
				CLANG_CXX_LANGUAGE_STANDARD = "gnu++0x";
				CLANG_CXX_LIBRARY = "libc++";
				CLANG_ENABLE_MODULES = YES;
				CLANG_ENABLE_OBJC_ARC = YES;
				CLANG_WARN_BOOL_CONVERSION = YES;
				CLANG_WARN_CONSTANT_CONVERSION = YES;
				CLANG_WARN_DIRECT_OBJC_ISA_USAGE = YES_ERROR;
				CLANG_WARN_EMPTY_BODY = YES;
				CLANG_WARN_ENUM_CONVERSION = YES;
				CLANG_WARN_INT_CONVERSION = YES;
				CLANG_WARN_OBJC_ROOT_CLASS = YES_ERROR;
				CLANG_WARN_UNREACHABLE_CODE = YES;
				CLANG_WARN__DUPLICATE_METHOD_MATCH = YES;
				"CODE_SIGN_IDENTITY[sdk=iphoneos*]" = "iPhone Developer";
				COPY_PHASE_STRIP = NO;
				DEBUG_INFORMATION_FORMAT = "dwarf-with-dsym";
				ENABLE_NS_ASSERTIONS = NO;
				ENABLE_STRICT_OBJC_MSGSEND = YES;
				GCC_C_LANGUAGE_STANDARD = gnu99;
				GCC_NO_COMMON_BLOCKS = YES;
				GCC_WARN_64_TO_32_BIT_CONVERSION = YES;
				GCC_WARN_ABOUT_RETURN_TYPE = YES_ERROR;
				GCC_WARN_UNDECLARED_SELECTOR = YES;
				GCC_WARN_UNINITIALIZED_AUTOS = YES_AGGRESSIVE;
				GCC_WARN_UNUSED_FUNCTION = YES;
				GCC_WARN_UNUSED_VARIABLE = YES;
				IPHONEOS_DEPLOYMENT_TARGET = 8.3;
				MTL_ENABLE_DEBUG_INFO = NO;
				SDKROOT = iphoneos;
				TARGETED_DEVICE_FAMILY = "1,2";
				VALIDATE_PRODUCT = YES;
			};
			name = Release;
		};
		4B322F5E1B038CF200FC075A /* Debug */ = {
			isa = XCBuildConfiguration;
			buildSettings = {
				ASSETCATALOG_COMPILER_APPICON_NAME = AppIcon;
				INFOPLIST_FILE = ImagePicker/Info.plist;
				LD_RUNPATH_SEARCH_PATHS = "$(inherited) @executable_path/Frameworks";
				PRODUCT_NAME = "$(TARGET_NAME)";
			};
			name = Debug;
		};
		4B322F5F1B038CF200FC075A /* Release */ = {
			isa = XCBuildConfiguration;
			buildSettings = {
				ASSETCATALOG_COMPILER_APPICON_NAME = AppIcon;
				INFOPLIST_FILE = ImagePicker/Info.plist;
				LD_RUNPATH_SEARCH_PATHS = "$(inherited) @executable_path/Frameworks";
				PRODUCT_NAME = "$(TARGET_NAME)";
			};
			name = Release;
		};
		4B322F611B038CF200FC075A /* Debug */ = {
			isa = XCBuildConfiguration;
			buildSettings = {
				BUNDLE_LOADER = "$(TEST_HOST)";
				FRAMEWORK_SEARCH_PATHS = (
					"$(SDKROOT)/Developer/Library/Frameworks",
					"$(inherited)",
				);
				GCC_PREPROCESSOR_DEFINITIONS = (
					"DEBUG=1",
					"$(inherited)",
				);
				INFOPLIST_FILE = ImagePickerTests/Info.plist;
				LD_RUNPATH_SEARCH_PATHS = "$(inherited) @executable_path/Frameworks @loader_path/Frameworks";
				PRODUCT_NAME = "$(TARGET_NAME)";
				TEST_HOST = "$(BUILT_PRODUCTS_DIR)/ImagePicker.app/ImagePicker";
			};
			name = Debug;
		};
		4B322F621B038CF200FC075A /* Release */ = {
			isa = XCBuildConfiguration;
			buildSettings = {
				BUNDLE_LOADER = "$(TEST_HOST)";
				FRAMEWORK_SEARCH_PATHS = (
					"$(SDKROOT)/Developer/Library/Frameworks",
					"$(inherited)",
				);
				INFOPLIST_FILE = ImagePickerTests/Info.plist;
				LD_RUNPATH_SEARCH_PATHS = "$(inherited) @executable_path/Frameworks @loader_path/Frameworks";
				PRODUCT_NAME = "$(TARGET_NAME)";
				TEST_HOST = "$(BUILT_PRODUCTS_DIR)/ImagePicker.app/ImagePicker";
			};
			name = Release;
		};
/* End XCBuildConfiguration section */

/* Begin XCConfigurationList section */
		4B322F391B038CF100FC075A /* Build configuration list for PBXProject "ImagePicker" */ = {
			isa = XCConfigurationList;
			buildConfigurations = (
				4B322F5B1B038CF200FC075A /* Debug */,
				4B322F5C1B038CF200FC075A /* Release */,
			);
			defaultConfigurationIsVisible = 0;
			defaultConfigurationName = Release;
		};
		4B322F5D1B038CF200FC075A /* Build configuration list for PBXNativeTarget "ImagePicker" */ = {
			isa = XCConfigurationList;
			buildConfigurations = (
				4B322F5E1B038CF200FC075A /* Debug */,
				4B322F5F1B038CF200FC075A /* Release */,
			);
			defaultConfigurationIsVisible = 0;
		};
		4B322F601B038CF200FC075A /* Build configuration list for PBXNativeTarget "ImagePickerTests" */ = {
			isa = XCConfigurationList;
			buildConfigurations = (
				4B322F611B038CF200FC075A /* Debug */,
				4B322F621B038CF200FC075A /* Release */,
			);
			defaultConfigurationIsVisible = 0;
		};
/* End XCConfigurationList section */
	};
	rootObject = 4B322F361B038CF100FC075A /* Project object */;
}
